
Microsoft Visual Studio Solution File, Format Version 12.00
# Visual Studio 15
Project("{FAE04EC0-301F-11D3-BF4B-00C04F79EFBC}") = "Assembly-CSharp", "Assembly-CSharp.csproj", "{B6CB9CB0-230A-0987-055D-6E49B43DD136}"
EndProject
Project("{FAE04EC0-301F-11D3-BF4B-00C04F79EFBC}") = "Assembly-CSharp-Editor", "Assembly-CSharp-Editor.csproj", "{8B6EBA89-6509-3196-B173-D4BADF36DCB8}"
EndProject
Project("{FAE04EC0-301F-11D3-BF4B-00C04F79EFBC}") = "MToon", "MToon.csproj", "{4FC804EC-A0D1-880B-D6F7-2D59DE1F2CEF}"
EndProject
Project("{FAE04EC0-301F-11D3-BF4B-00C04F79EFBC}") = "VRMShaders.VRM10.MToon10.Runtime", "VRMShaders.VRM10.MToon10.Runtime.csproj", "{F5BB7E00-13F5-91AC-DB40-524501CB464E}"
EndProject
Project("{FAE04EC0-301F-11D3-BF4B-00C04F79EFBC}") = "VRMShaders.GLTF.UniUnlit.Runtime", "VRMShaders.GLTF.UniUnlit.Runtime.csproj", "{57078324-02B2-7D39-62E5-F730997E68AF}"
EndProject
Project("{FAE04EC0-301F-11D3-BF4B-00C04F79EFBC}") = "VRMShaders.GLTF.IO.Editor", "VRMShaders.GLTF.IO.Editor.csproj", "{5A716905-B6B9-140C-9E9F-2EF260E5E162}"
EndProject
Project("{FAE04EC0-301F-11D3-BF4B-00C04F79EFBC}") = "VRMShaders.GLTF.IO.Runtime", "VRMShaders.GLTF.IO.Runtime.csproj", "{66AD4941-181D-5BF0-975C-A2EEE90E3889}"
EndProject
Project("{FAE04EC0-301F-11D3-BF4B-00C04F79EFBC}") = "VRMShaders.VRM.IO.Runtime", "VRMShaders.VRM.IO.Runtime.csproj", "{CAD0F9AD-E3D2-B76A-84B3-EFA40716FC4D}"
EndProject
Project("{FAE04EC0-301F-11D3-BF4B-00C04F79EFBC}") = "VRMShaders.VRM10.MToon10.Editor", "VRMShaders.VRM10.MToon10.Editor.csproj", "{CD4104C7-334E-DDB1-5B4E-0F84706AFE89}"
EndProject
Project("{FAE04EC0-301F-11D3-BF4B-00C04F79EFBC}") = "MToon.Editor", "MToon.Editor.csproj", "{33C219D5-FD7F-549D-6A9E-27B77AC07F5E}"
EndProject
Project("{FAE04EC0-301F-11D3-BF4B-00C04F79EFBC}") = "VRMShaders.GLTF.IO.Tests", "VRMShaders.GLTF.IO.Tests.csproj", "{79A027D6-0405-CA35-523F-574A37B796F6}"
EndProject
Project("{FAE04EC0-301F-11D3-BF4B-00C04F79EFBC}") = "VRMShaders.VRM.IO.Editor", "VRMShaders.VRM.IO.Editor.csproj", "{DDF962A5-1242-C047-2F09-51D148C67657}"
EndProject
Project("{FAE04EC0-301F-11D3-BF4B-00C04F79EFBC}") = "VRMShaders.GLTF.UniUnlit.Editor", "VRMShaders.GLTF.UniUnlit.Editor.csproj", "{0C627735-6D09-C344-85A7-F7EC5BD6EE3F}"
EndProject
Project("{FAE04EC0-301F-11D3-BF4B-00C04F79EFBC}") = "VRMShaders.VRM10.Format.Runtime", "VRMShaders.VRM10.Format.Runtime.csproj", "{F0C2AA96-BBA2-DB71-C2C8-7F2D907B1443}"
EndProject
Project("{FAE04EC0-301F-11D3-BF4B-00C04F79EFBC}") = "VRMShaders.VRM10.MToon10.Tests", "VRMShaders.VRM10.MToon10.Tests.csproj", "{53E06FAB-080F-066A-4CD7-67A8DE166D4D}"
EndProject
Global
	GlobalSection(SolutionConfigurationPlatforms) = preSolution
		Debug|Any CPU = Debug|Any CPU
		Release|Any CPU = Release|Any CPU
	EndGlobalSection
	GlobalSection(ProjectConfigurationPlatforms) = postSolution
		{B6CB9CB0-230A-0987-055D-6E49B43DD136}.Debug|Any CPU.ActiveCfg = Debug|Any CPU
		{B6CB9CB0-230A-0987-055D-6E49B43DD136}.Debug|Any CPU.Build.0 = Debug|Any CPU
		{B6CB9CB0-230A-0987-055D-6E49B43DD136}.Release|Any CPU.ActiveCfg = Release|Any CPU
		{B6CB9CB0-230A-0987-055D-6E49B43DD136}.Release|Any CPU.Build.0 = Release|Any CPU
		{8B6EBA89-6509-3196-B173-D4BADF36DCB8}.Debug|Any CPU.ActiveCfg = Debug|Any CPU
		{8B6EBA89-6509-3196-B173-D4BADF36DCB8}.Debug|Any CPU.Build.0 = Debug|Any CPU
		{8B6EBA89-6509-3196-B173-D4BADF36DCB8}.Release|Any CPU.ActiveCfg = Release|Any CPU
		{8B6EBA89-6509-3196-B173-D4BADF36DCB8}.Release|Any CPU.Build.0 = Release|Any CPU
		{4FC804EC-A0D1-880B-D6F7-2D59DE1F2CEF}.Debug|Any CPU.ActiveCfg = Debug|Any CPU
		{4FC804EC-A0D1-880B-D6F7-2D59DE1F2CEF}.Debug|Any CPU.Build.0 = Debug|Any CPU
		{4FC804EC-A0D1-880B-D6F7-2D59DE1F2CEF}.Release|Any CPU.ActiveCfg = Release|Any CPU
		{4FC804EC-A0D1-880B-D6F7-2D59DE1F2CEF}.Release|Any CPU.Build.0 = Release|Any CPU
		{F5BB7E00-13F5-91AC-DB40-524501CB464E}.Debug|Any CPU.ActiveCfg = Debug|Any CPU
		{F5BB7E00-13F5-91AC-DB40-524501CB464E}.Debug|Any CPU.Build.0 = Debug|Any CPU
		{F5BB7E00-13F5-91AC-DB40-524501CB464E}.Release|Any CPU.ActiveCfg = Release|Any CPU
		{F5BB7E00-13F5-91AC-DB40-524501CB464E}.Release|Any CPU.Build.0 = Release|Any CPU
		{57078324-02B2-7D39-62E5-F730997E68AF}.Debug|Any CPU.ActiveCfg = Debug|Any CPU
		{57078324-02B2-7D39-62E5-F730997E68AF}.Debug|Any CPU.Build.0 = Debug|Any CPU
		{57078324-02B2-7D39-62E5-F730997E68AF}.Release|Any CPU.ActiveCfg = Release|Any CPU
		{57078324-02B2-7D39-62E5-F730997E68AF}.Release|Any CPU.Build.0 = Release|Any CPU
		{5A716905-B6B9-140C-9E9F-2EF260E5E162}.Debug|Any CPU.ActiveCfg = Debug|Any CPU
		{5A716905-B6B9-140C-9E9F-2EF260E5E162}.Debug|Any CPU.Build.0 = Debug|Any CPU
		{5A716905-B6B9-140C-9E9F-2EF260E5E162}.Release|Any CPU.ActiveCfg = Release|Any CPU
		{5A716905-B6B9-140C-9E9F-2EF260E5E162}.Release|Any CPU.Build.0 = Release|Any CPU
		{66AD4941-181D-5BF0-975C-A2EEE90E3889}.Debug|Any CPU.ActiveCfg = Debug|Any CPU
		{66AD4941-181D-5BF0-975C-A2EEE90E3889}.Debug|Any CPU.Build.0 = Debug|Any CPU
		{66AD4941-181D-5BF0-975C-A2EEE90E3889}.Release|Any CPU.ActiveCfg = Release|Any CPU
		{66AD4941-181D-5BF0-975C-A2EEE90E3889}.Release|Any CPU.Build.0 = Release|Any CPU
		{CAD0F9AD-E3D2-B76A-84B3-EFA40716FC4D}.Debug|Any CPU.ActiveCfg = Debug|Any CPU
		{CAD0F9AD-E3D2-B76A-84B3-EFA40716FC4D}.Debug|Any CPU.Build.0 = Debug|Any CPU
		{CAD0F9AD-E3D2-B76A-84B3-EFA40716FC4D}.Release|Any CPU.ActiveCfg = Release|Any CPU
		{CAD0F9AD-E3D2-B76A-84B3-EFA40716FC4D}.Release|Any CPU.Build.0 = Release|Any CPU
		{CD4104C7-334E-DDB1-5B4E-0F84706AFE89}.Debug|Any CPU.ActiveCfg = Debug|Any CPU
		{CD4104C7-334E-DDB1-5B4E-0F84706AFE89}.Debug|Any CPU.Build.0 = Debug|Any CPU
		{CD4104C7-334E-DDB1-5B4E-0F84706AFE89}.Release|Any CPU.ActiveCfg = Release|Any CPU
		{CD4104C7-334E-DDB1-5B4E-0F84706AFE89}.Release|Any CPU.Build.0 = Release|Any CPU
		{33C219D5-FD7F-549D-6A9E-27B77AC07F5E}.Debug|Any CPU.ActiveCfg = Debug|Any CPU
		{33C219D5-FD7F-549D-6A9E-27B77AC07F5E}.Debug|Any CPU.Build.0 = Debug|Any CPU
		{33C219D5-FD7F-549D-6A9E-27B77AC07F5E}.Release|Any CPU.ActiveCfg = Release|Any CPU
		{33C219D5-FD7F-549D-6A9E-27B77AC07F5E}.Release|Any CPU.Build.0 = Release|Any CPU
		{79A027D6-0405-CA35-523F-574A37B796F6}.Debug|Any CPU.ActiveCfg = Debug|Any CPU
		{79A027D6-0405-CA35-523F-574A37B796F6}.Debug|Any CPU.Build.0 = Debug|Any CPU
		{79A027D6-0405-CA35-523F-574A37B796F6}.Release|Any CPU.ActiveCfg = Release|Any CPU
		{79A027D6-0405-CA35-523F-574A37B796F6}.Release|Any CPU.Build.0 = Release|Any CPU
		{DDF962A5-1242-C047-2F09-51D148C67657}.Debug|Any CPU.ActiveCfg = Debug|Any CPU
		{DDF962A5-1242-C047-2F09-51D148C67657}.Debug|Any CPU.Build.0 = Debug|Any CPU
		{DDF962A5-1242-C047-2F09-51D148C67657}.Release|Any CPU.ActiveCfg = Release|Any CPU
		{DDF962A5-1242-C047-2F09-51D148C67657}.Release|Any CPU.Build.0 = Release|Any CPU
		{0C627735-6D09-C344-85A7-F7EC5BD6EE3F}.Debug|Any CPU.ActiveCfg = Debug|Any CPU
		{0C627735-6D09-C344-85A7-F7EC5BD6EE3F}.Debug|Any CPU.Build.0 = Debug|Any CPU
		{0C627735-6D09-C344-85A7-F7EC5BD6EE3F}.Release|Any CPU.ActiveCfg = Release|Any CPU
		{0C627735-6D09-C344-85A7-F7EC5BD6EE3F}.Release|Any CPU.Build.0 = Release|Any CPU
		{F0C2AA96-BBA2-DB71-C2C8-7F2D907B1443}.Debug|Any CPU.ActiveCfg = Debug|Any CPU
		{F0C2AA96-BBA2-DB71-C2C8-7F2D907B1443}.Debug|Any CPU.Build.0 = Debug|Any CPU
		{F0C2AA96-BBA2-DB71-C2C8-7F2D907B1443}.Release|Any CPU.ActiveCfg = Release|Any CPU
		{F0C2AA96-BBA2-DB71-C2C8-7F2D907B1443}.Release|Any CPU.Build.0 = Release|Any CPU
		{53E06FAB-080F-066A-4CD7-67A8DE166D4D}.Debug|Any CPU.ActiveCfg = Debug|Any CPU
		{53E06FAB-080F-066A-4CD7-67A8DE166D4D}.Debug|Any CPU.Build.0 = Debug|Any CPU
		{53E06FAB-080F-066A-4CD7-67A8DE166D4D}.Release|Any CPU.ActiveCfg = Release|Any CPU
		{53E06FAB-080F-066A-4CD7-67A8DE166D4D}.Release|Any CPU.Build.0 = Release|Any CPU
	EndGlobalSection
	GlobalSection(SolutionProperties) = preSolution
		HideSolutionNode = FALSE
	EndGlobalSection
EndGlobal
