
Microsoft Visual Studio Solution File, Format Version 12.00
# Visual Studio 15
Project("{FAE04EC0-301F-11D3-BF4B-00C04F79EFBC}") = "Unity.Timeline", "Unity.Timeline.csproj", "{D240D32E-D2F4-8B20-7E08-7CE05A01365A}"
EndProject
Project("{FAE04EC0-301F-11D3-BF4B-00C04F79EFBC}") = "Unity.PlasticSCM.Editor", "Unity.PlasticSCM.Editor.csproj", "{EBE8FD1D-EB79-65CD-F214-D6DB8D2855BC}"
EndProject
Project("{FAE04EC0-301F-11D3-BF4B-00C04F79EFBC}") = "Unity.Mathematics", "Unity.Mathematics.csproj", "{26F4C751-5543-9B58-C240-064DAE239867}"
EndProject
Project("{FAE04EC0-301F-11D3-BF4B-00C04F79EFBC}") = "Unity.Timeline.Editor", "Unity.Timeline.Editor.csproj", "{331EB096-B3CD-F3D1-7014-83C4B73E30EE}"
EndProject
Project("{FAE04EC0-301F-11D3-BF4B-00C04F79EFBC}") = "Unity.Collections", "Unity.Collections.csproj", "{32404E47-8C0D-8C92-3F6C-3BEC6EE48022}"
EndProject
Project("{FAE04EC0-301F-11D3-BF4B-00C04F79EFBC}") = "Unity.VisualScripting.Core.Editor", "Unity.VisualScripting.Core.Editor.csproj", "{AD8792EB-6475-EB75-560B-67B43F34AF39}"
EndProject
Project("{FAE04EC0-301F-11D3-BF4B-00C04F79EFBC}") = "Unity.PerformanceTesting.Editor", "Unity.PerformanceTesting.Editor.csproj", "{A07B0FB9-E346-E785-3BBF-D10664299ACF}"
EndProject
Project("{FAE04EC0-301F-11D3-BF4B-00C04F79EFBC}") = "UnityEngine.TestRunner", "UnityEngine.TestRunner.csproj", "{D3EDA0B3-3D44-C148-3E23-54FAD3683837}"
EndProject
Project("{FAE04EC0-301F-11D3-BF4B-00C04F79EFBC}") = "Unity.Burst", "Unity.Burst.csproj", "{03644AEC-ED57-E7FE-97F2-1009177E6247}"
EndProject
Project("{FAE04EC0-301F-11D3-BF4B-00C04F79EFBC}") = "Unity.VisualScripting.Flow.Editor", "Unity.VisualScripting.Flow.Editor.csproj", "{0D3479C6-A072-A7EF-4B56-93A2564F8B4A}"
EndProject
Project("{FAE04EC0-301F-11D3-BF4B-00C04F79EFBC}") = "Unity.Animation.Rigging", "Unity.Animation.Rigging.csproj", "{5D7596B5-FBD2-B475-07D5-8FAFBD967050}"
EndProject
Project("{FAE04EC0-301F-11D3-BF4B-00C04F79EFBC}") = "Cinemachine", "Cinemachine.csproj", "{905F7AA7-89B7-F9FE-760B-2E2D3378CA60}"
EndProject
Project("{FAE04EC0-301F-11D3-BF4B-00C04F79EFBC}") = "Unity.VisualStudio.Editor", "Unity.VisualStudio.Editor.csproj", "{7771A166-E2BA-4A99-11FA-AAD43490360D}"
EndProject
Project("{FAE04EC0-301F-11D3-BF4B-00C04F79EFBC}") = "Unity.InputSystem", "Unity.InputSystem.csproj", "{500C4658-AE38-9492-4F7F-9944B00C2B2F}"
EndProject
Project("{FAE04EC0-301F-11D3-BF4B-00C04F79EFBC}") = "Unity.Animation.Rigging.Editor", "Unity.Animation.Rigging.Editor.csproj", "{A9FF8562-57A1-C9A3-47B3-D1CBE6F47B62}"
EndProject
Project("{FAE04EC0-301F-11D3-BF4B-00C04F79EFBC}") = "UniTask", "UniTask.csproj", "{8175AC06-552F-71E1-3241-32B6032472C6}"
EndProject
Project("{FAE04EC0-301F-11D3-BF4B-00C04F79EFBC}") = "Unity.Searcher.Editor", "Unity.Searcher.Editor.csproj", "{EA88B633-3697-C3D1-E983-88401CE7E7F5}"
EndProject
Project("{FAE04EC0-301F-11D3-BF4B-00C04F79EFBC}") = "UnityEditor.TestRunner", "UnityEditor.TestRunner.csproj", "{40A699FC-D32B-DE3F-2D74-77C711A88E9C}"
EndProject
Project("{FAE04EC0-301F-11D3-BF4B-00C04F79EFBC}") = "Unity.VisualScripting.Core", "Unity.VisualScripting.Core.csproj", "{BC769205-5D07-BCC2-118D-CD4105BF7C9B}"
EndProject
Project("{FAE04EC0-301F-11D3-BF4B-00C04F79EFBC}") = "Unity.CollabProxy.Editor", "Unity.CollabProxy.Editor.csproj", "{81AF3573-38A7-1861-1037-69E41A9D066A}"
EndProject
Project("{FAE04EC0-301F-11D3-BF4B-00C04F79EFBC}") = "Unity.AI.Navigation.Editor.ConversionSystem", "Unity.AI.Navigation.Editor.ConversionSystem.csproj", "{95929CDD-1F75-E58F-6721-B5E32C34365C}"
EndProject
Project("{FAE04EC0-301F-11D3-BF4B-00C04F79EFBC}") = "Unity.VisualScripting.State.Editor", "Unity.VisualScripting.State.Editor.csproj", "{43E37980-7758-71B7-2E84-C18296DAA93D}"
EndProject
Project("{FAE04EC0-301F-11D3-BF4B-00C04F79EFBC}") = "Autodesk.Fbx", "Autodesk.Fbx.csproj", "{FEFA0CE5-575C-0DDF-40C7-703AB1B43C07}"
EndProject
Project("{FAE04EC0-301F-11D3-BF4B-00C04F79EFBC}") = "Unity.Burst.CodeGen", "Unity.Burst.CodeGen.csproj", "{DEC74C69-3D7C-3C56-17D8-05A605D10F74}"
EndProject
Project("{FAE04EC0-301F-11D3-BF4B-00C04F79EFBC}") = "Assembly-CSharp", "Assembly-CSharp.csproj", "{E96640ED-FBEE-68D4-E863-9BE8F612829E}"
EndProject
Project("{FAE04EC0-301F-11D3-BF4B-00C04F79EFBC}") = "Unity.VisualScripting.Flow", "Unity.VisualScripting.Flow.csproj", "{3BA41217-C268-667D-03F2-F2FEDD8B6818}"
EndProject
Project("{FAE04EC0-301F-11D3-BF4B-00C04F79EFBC}") = "Unity.PerformanceTesting", "Unity.PerformanceTesting.csproj", "{FB444430-690E-2DCF-CC80-01D96906EC92}"
EndProject
Project("{FAE04EC0-301F-11D3-BF4B-00C04F79EFBC}") = "Assembly-CSharp-Editor", "Assembly-CSharp-Editor.csproj", "{CFD3FEDC-CAE5-AD5B-2AAE-7A69D4309991}"
EndProject
Project("{FAE04EC0-301F-11D3-BF4B-00C04F79EFBC}") = "UniTask.Linq", "UniTask.Linq.csproj", "{DC67F32C-36AF-BCD1-2F7F-DF56EC4A65D3}"
EndProject
Project("{FAE04EC0-301F-11D3-BF4B-00C04F79EFBC}") = "com.unity.cinemachine.editor", "com.unity.cinemachine.editor.csproj", "{2BBEE6D9-BC67-E9AC-B3B6-82429B076EDD}"
EndProject
Project("{FAE04EC0-301F-11D3-BF4B-00C04F79EFBC}") = "Unity.Burst.Editor", "Unity.Burst.Editor.csproj", "{7E093FE2-FA6D-D72F-8014-E5F240785638}"
EndProject
Project("{FAE04EC0-301F-11D3-BF4B-00C04F79EFBC}") = "Unity.Rider.Editor", "Unity.Rider.Editor.csproj", "{4B82D8C6-615F-7A79-3EDB-0A01129C58DC}"
EndProject
Project("{FAE04EC0-301F-11D3-BF4B-00C04F79EFBC}") = "Unity.VisualScripting.State", "Unity.VisualScripting.State.csproj", "{2B3589DB-4875-60E9-9150-7BB0A9F07FDD}"
EndProject
Project("{FAE04EC0-301F-11D3-BF4B-00C04F79EFBC}") = "Unity.AI.Navigation.Updater", "Unity.AI.Navigation.Updater.csproj", "{9A827C0B-D60F-3316-414A-40D909E52011}"
EndProject
Project("{FAE04EC0-301F-11D3-BF4B-00C04F79EFBC}") = "UnityFx.Outline", "UnityFx.Outline.csproj", "{0BEF3B4A-35D4-00F3-C533-54950FA83E86}"
EndProject
Project("{FAE04EC0-301F-11D3-BF4B-00C04F79EFBC}") = "Unity.Formats.Fbx.Editor", "Unity.Formats.Fbx.Editor.csproj", "{207ACE88-148B-451B-5ADD-F57E2E064226}"
EndProject
Project("{FAE04EC0-301F-11D3-BF4B-00C04F79EFBC}") = "Unity.AI.Navigation.Editor", "Unity.AI.Navigation.Editor.csproj", "{3B2A5C68-5848-3C45-6383-FFFB10F00FD9}"
EndProject
Project("{FAE04EC0-301F-11D3-BF4B-00C04F79EFBC}") = "MToon", "MToon.csproj", "{C85393CA-BD7A-38C6-0322-A33DAD393B56}"
EndProject
Project("{FAE04EC0-301F-11D3-BF4B-00C04F79EFBC}") = "ExcelImporter.Editor", "ExcelImporter.Editor.csproj", "{DD593935-46F5-49DE-74E4-898B922033DF}"
EndProject
Project("{FAE04EC0-301F-11D3-BF4B-00C04F79EFBC}") = "VRMShaders.VRM10.MToon10.Runtime", "VRMShaders.VRM10.MToon10.Runtime.csproj", "{6EB6C172-474A-D402-D958-1EB37672BF71}"
EndProject
Project("{FAE04EC0-301F-11D3-BF4B-00C04F79EFBC}") = "Unity.InputSystem.ForUI", "Unity.InputSystem.ForUI.csproj", "{C2DF2689-6BD0-1D4E-22FB-671AA2B93A1C}"
EndProject
Project("{FAE04EC0-301F-11D3-BF4B-00C04F79EFBC}") = "VRMShaders.GLTF.UniUnlit.Runtime", "VRMShaders.GLTF.UniUnlit.Runtime.csproj", "{4AF04CE9-8F8F-20BD-E0F5-957C0B47D6D3}"
EndProject
Project("{FAE04EC0-301F-11D3-BF4B-00C04F79EFBC}") = "Unity.AI.Navigation", "Unity.AI.Navigation.csproj", "{E36DA6C3-ED4A-5E67-11C6-A32E94537D52}"
EndProject
Project("{FAE04EC0-301F-11D3-BF4B-00C04F79EFBC}") = "Unity.Collections.CodeGen", "Unity.Collections.CodeGen.csproj", "{3F3DEF34-12A6-B755-EF34-67568DDDC62B}"
EndProject
Project("{FAE04EC0-301F-11D3-BF4B-00C04F79EFBC}") = "Unity.Mathematics.Editor", "Unity.Mathematics.Editor.csproj", "{31285E6C-CA2B-1EE8-6E45-D0CB3CC8D8A1}"
EndProject
Project("{FAE04EC0-301F-11D3-BF4B-00C04F79EFBC}") = "Unity.VisualScripting.SettingsProvider.Editor", "Unity.VisualScripting.SettingsProvider.Editor.csproj", "{4525EBF1-A96C-9938-C417-E6BECE7ADB39}"
EndProject
Project("{FAE04EC0-301F-11D3-BF4B-00C04F79EFBC}") = "VRMShaders.GLTF.IO.Editor", "VRMShaders.GLTF.IO.Editor.csproj", "{2A7E6527-0BB0-0EAF-4915-E884975DEAEF}"
EndProject
Project("{FAE04EC0-301F-11D3-BF4B-00C04F79EFBC}") = "VRMShaders.GLTF.IO.Runtime", "VRMShaders.GLTF.IO.Runtime.csproj", "{DF2CCCE9-D671-33F8-0809-0E9C085CFEF2}"
EndProject
Project("{FAE04EC0-301F-11D3-BF4B-00C04F79EFBC}") = "UniTask.TextMeshPro", "UniTask.TextMeshPro.csproj", "{66754175-D52C-BD93-8815-364ED1F32AE2}"
EndProject
Project("{FAE04EC0-301F-11D3-BF4B-00C04F79EFBC}") = "VRMShaders.VRM.IO.Runtime", "VRMShaders.VRM.IO.Runtime.csproj", "{D6B0600A-F853-CB19-B67A-B66F30745A29}"
EndProject
Project("{FAE04EC0-301F-11D3-BF4B-00C04F79EFBC}") = "Unity.InputSystem.TestFramework", "Unity.InputSystem.TestFramework.csproj", "{1AE4205B-C59E-E527-1830-CF0E496349FE}"
EndProject
Project("{FAE04EC0-301F-11D3-BF4B-00C04F79EFBC}") = "Unity.VisualScripting.Shared.Editor", "Unity.VisualScripting.Shared.Editor.csproj", "{E64449C3-0F5F-11A6-F5E3-C148AB8CD078}"
EndProject
Project("{FAE04EC0-301F-11D3-BF4B-00C04F79EFBC}") = "Unity.Animation.Rigging.DocCodeExamples", "Unity.Animation.Rigging.DocCodeExamples.csproj", "{DC104D5C-D60E-7AB5-5C3C-BD0D82615D74}"
EndProject
Project("{FAE04EC0-301F-11D3-BF4B-00C04F79EFBC}") = "UnityFx.Outline.Editor", "UnityFx.Outline.Editor.csproj", "{68F372A5-FE06-EDA3-0EAB-FB6C094C0E04}"
EndProject
Project("{FAE04EC0-301F-11D3-BF4B-00C04F79EFBC}") = "VRMShaders.VRM10.MToon10.Editor", "VRMShaders.VRM10.MToon10.Editor.csproj", "{ACEF68AC-9C7E-0336-DE4A-31A49F211C37}"
EndProject
Project("{FAE04EC0-301F-11D3-BF4B-00C04F79EFBC}") = "MToon.Editor", "MToon.Editor.csproj", "{95B2CCF3-D38D-1DAD-0F6B-7E64E50C9BB6}"
EndProject
Project("{FAE04EC0-301F-11D3-BF4B-00C04F79EFBC}") = "VRMShaders.GLTF.IO.Tests", "VRMShaders.GLTF.IO.Tests.csproj", "{9129A96B-B0E6-011A-6908-2DA7FB311885}"
EndProject
Project("{FAE04EC0-301F-11D3-BF4B-00C04F79EFBC}") = "UniTask.Editor", "UniTask.Editor.csproj", "{C8A903EA-9645-3CB2-558F-C39ADC8B521B}"
EndProject
Project("{FAE04EC0-301F-11D3-BF4B-00C04F79EFBC}") = "VRMShaders.VRM.IO.Editor", "VRMShaders.VRM.IO.Editor.csproj", "{932F59D8-7C3E-759C-04B6-FB63781CB58B}"
EndProject
Project("{FAE04EC0-301F-11D3-BF4B-00C04F79EFBC}") = "UnityFx.Outline.URP", "UnityFx.Outline.URP.csproj", "{F959001D-B707-093D-33FB-E2070F1038D5}"
EndProject
Project("{FAE04EC0-301F-11D3-BF4B-00C04F79EFBC}") = "VRMShaders.GLTF.UniUnlit.Editor", "VRMShaders.GLTF.UniUnlit.Editor.csproj", "{E3A6BC62-A169-D1AB-B3BA-804387820E9E}"
EndProject
Project("{FAE04EC0-301F-11D3-BF4B-00C04F79EFBC}") = "Unity.Formats.Fbx.Runtime", "Unity.Formats.Fbx.Runtime.csproj", "{E6271C66-8F3D-C95D-085C-841FFFE8FAF6}"
EndProject
Project("{FAE04EC0-301F-11D3-BF4B-00C04F79EFBC}") = "Autodesk.Fbx.Editor", "Autodesk.Fbx.Editor.csproj", "{D40F5389-E013-5876-CF57-DF01D2887172}"
EndProject
Project("{FAE04EC0-301F-11D3-BF4B-00C04F79EFBC}") = "VRMShaders.VRM10.Format.Runtime", "VRMShaders.VRM10.Format.Runtime.csproj", "{6371F6F3-E384-CAE9-1A86-F674D2739F94}"
EndProject
Project("{FAE04EC0-301F-11D3-BF4B-00C04F79EFBC}") = "UniTask.Addressables", "UniTask.Addressables.csproj", "{096E2F06-A2E5-62C8-4BBC-31BD45FA3F8B}"
EndProject
Project("{FAE04EC0-301F-11D3-BF4B-00C04F79EFBC}") = "VRMShaders.VRM10.MToon10.Tests", "VRMShaders.VRM10.MToon10.Tests.csproj", "{1906A006-2854-A805-27CD-EB7616949EB1}"
EndProject
Project("{FAE04EC0-301F-11D3-BF4B-00C04F79EFBC}") = "ExcelImporter", "ExcelImporter.csproj", "{9A9C1FB6-92C3-7FFE-B2EB-E31268C3B7B6}"
EndProject
Project("{FAE04EC0-301F-11D3-BF4B-00C04F79EFBC}") = "Unity.Collections.Editor", "Unity.Collections.Editor.csproj", "{E6A6427B-7F06-9D82-5842-66CA7AF8AF13}"
EndProject
Project("{FAE04EC0-301F-11D3-BF4B-00C04F79EFBC}") = "UniTask.DOTween", "UniTask.DOTween.csproj", "{6E5E361D-5EF2-D4C3-472A-DE335AF6A693}"
EndProject
Project("{FAE04EC0-301F-11D3-BF4B-00C04F79EFBC}") = "Autodesk.Fbx.BuildTestAssets", "Autodesk.Fbx.BuildTestAssets.csproj", "{7B9C39E8-3716-3F14-7AE0-2B2B49B12952}"
EndProject
Global
	GlobalSection(SolutionConfigurationPlatforms) = preSolution
		Debug|Any CPU = Debug|Any CPU
		Release|Any CPU = Release|Any CPU
	EndGlobalSection
	GlobalSection(ProjectConfigurationPlatforms) = postSolution
		{D240D32E-D2F4-8B20-7E08-7CE05A01365A}.Debug|Any CPU.ActiveCfg = Debug|Any CPU
		{D240D32E-D2F4-8B20-7E08-7CE05A01365A}.Debug|Any CPU.Build.0 = Debug|Any CPU
		{D240D32E-D2F4-8B20-7E08-7CE05A01365A}.Release|Any CPU.ActiveCfg = Release|Any CPU
		{D240D32E-D2F4-8B20-7E08-7CE05A01365A}.Release|Any CPU.Build.0 = Release|Any CPU
		{EBE8FD1D-EB79-65CD-F214-D6DB8D2855BC}.Debug|Any CPU.ActiveCfg = Debug|Any CPU
		{EBE8FD1D-EB79-65CD-F214-D6DB8D2855BC}.Debug|Any CPU.Build.0 = Debug|Any CPU
		{EBE8FD1D-EB79-65CD-F214-D6DB8D2855BC}.Release|Any CPU.ActiveCfg = Release|Any CPU
		{EBE8FD1D-EB79-65CD-F214-D6DB8D2855BC}.Release|Any CPU.Build.0 = Release|Any CPU
		{26F4C751-5543-9B58-C240-064DAE239867}.Debug|Any CPU.ActiveCfg = Debug|Any CPU
		{26F4C751-5543-9B58-C240-064DAE239867}.Debug|Any CPU.Build.0 = Debug|Any CPU
		{26F4C751-5543-9B58-C240-064DAE239867}.Release|Any CPU.ActiveCfg = Release|Any CPU
		{26F4C751-5543-9B58-C240-064DAE239867}.Release|Any CPU.Build.0 = Release|Any CPU
		{331EB096-B3CD-F3D1-7014-83C4B73E30EE}.Debug|Any CPU.ActiveCfg = Debug|Any CPU
		{331EB096-B3CD-F3D1-7014-83C4B73E30EE}.Debug|Any CPU.Build.0 = Debug|Any CPU
		{331EB096-B3CD-F3D1-7014-83C4B73E30EE}.Release|Any CPU.ActiveCfg = Release|Any CPU
		{331EB096-B3CD-F3D1-7014-83C4B73E30EE}.Release|Any CPU.Build.0 = Release|Any CPU
		{32404E47-8C0D-8C92-3F6C-3BEC6EE48022}.Debug|Any CPU.ActiveCfg = Debug|Any CPU
		{32404E47-8C0D-8C92-3F6C-3BEC6EE48022}.Debug|Any CPU.Build.0 = Debug|Any CPU
		{32404E47-8C0D-8C92-3F6C-3BEC6EE48022}.Release|Any CPU.ActiveCfg = Release|Any CPU
		{32404E47-8C0D-8C92-3F6C-3BEC6EE48022}.Release|Any CPU.Build.0 = Release|Any CPU
		{AD8792EB-6475-EB75-560B-67B43F34AF39}.Debug|Any CPU.ActiveCfg = Debug|Any CPU
		{AD8792EB-6475-EB75-560B-67B43F34AF39}.Debug|Any CPU.Build.0 = Debug|Any CPU
		{AD8792EB-6475-EB75-560B-67B43F34AF39}.Release|Any CPU.ActiveCfg = Release|Any CPU
		{AD8792EB-6475-EB75-560B-67B43F34AF39}.Release|Any CPU.Build.0 = Release|Any CPU
		{A07B0FB9-E346-E785-3BBF-D10664299ACF}.Debug|Any CPU.ActiveCfg = Debug|Any CPU
		{A07B0FB9-E346-E785-3BBF-D10664299ACF}.Debug|Any CPU.Build.0 = Debug|Any CPU
		{A07B0FB9-E346-E785-3BBF-D10664299ACF}.Release|Any CPU.ActiveCfg = Release|Any CPU
		{A07B0FB9-E346-E785-3BBF-D10664299ACF}.Release|Any CPU.Build.0 = Release|Any CPU
		{D3EDA0B3-3D44-C148-3E23-54FAD3683837}.Debug|Any CPU.ActiveCfg = Debug|Any CPU
		{D3EDA0B3-3D44-C148-3E23-54FAD3683837}.Debug|Any CPU.Build.0 = Debug|Any CPU
		{D3EDA0B3-3D44-C148-3E23-54FAD3683837}.Release|Any CPU.ActiveCfg = Release|Any CPU
		{D3EDA0B3-3D44-C148-3E23-54FAD3683837}.Release|Any CPU.Build.0 = Release|Any CPU
		{03644AEC-ED57-E7FE-97F2-1009177E6247}.Debug|Any CPU.ActiveCfg = Debug|Any CPU
		{03644AEC-ED57-E7FE-97F2-1009177E6247}.Debug|Any CPU.Build.0 = Debug|Any CPU
		{03644AEC-ED57-E7FE-97F2-1009177E6247}.Release|Any CPU.ActiveCfg = Release|Any CPU
		{03644AEC-ED57-E7FE-97F2-1009177E6247}.Release|Any CPU.Build.0 = Release|Any CPU
		{0D3479C6-A072-A7EF-4B56-93A2564F8B4A}.Debug|Any CPU.ActiveCfg = Debug|Any CPU
		{0D3479C6-A072-A7EF-4B56-93A2564F8B4A}.Debug|Any CPU.Build.0 = Debug|Any CPU
		{0D3479C6-A072-A7EF-4B56-93A2564F8B4A}.Release|Any CPU.ActiveCfg = Release|Any CPU
		{0D3479C6-A072-A7EF-4B56-93A2564F8B4A}.Release|Any CPU.Build.0 = Release|Any CPU
		{5D7596B5-FBD2-B475-07D5-8FAFBD967050}.Debug|Any CPU.ActiveCfg = Debug|Any CPU
		{5D7596B5-FBD2-B475-07D5-8FAFBD967050}.Debug|Any CPU.Build.0 = Debug|Any CPU
		{5D7596B5-FBD2-B475-07D5-8FAFBD967050}.Release|Any CPU.ActiveCfg = Release|Any CPU
		{5D7596B5-FBD2-B475-07D5-8FAFBD967050}.Release|Any CPU.Build.0 = Release|Any CPU
		{905F7AA7-89B7-F9FE-760B-2E2D3378CA60}.Debug|Any CPU.ActiveCfg = Debug|Any CPU
		{905F7AA7-89B7-F9FE-760B-2E2D3378CA60}.Debug|Any CPU.Build.0 = Debug|Any CPU
		{905F7AA7-89B7-F9FE-760B-2E2D3378CA60}.Release|Any CPU.ActiveCfg = Release|Any CPU
		{905F7AA7-89B7-F9FE-760B-2E2D3378CA60}.Release|Any CPU.Build.0 = Release|Any CPU
		{7771A166-E2BA-4A99-11FA-AAD43490360D}.Debug|Any CPU.ActiveCfg = Debug|Any CPU
		{7771A166-E2BA-4A99-11FA-AAD43490360D}.Debug|Any CPU.Build.0 = Debug|Any CPU
		{7771A166-E2BA-4A99-11FA-AAD43490360D}.Release|Any CPU.ActiveCfg = Release|Any CPU
		{7771A166-E2BA-4A99-11FA-AAD43490360D}.Release|Any CPU.Build.0 = Release|Any CPU
		{500C4658-AE38-9492-4F7F-9944B00C2B2F}.Debug|Any CPU.ActiveCfg = Debug|Any CPU
		{500C4658-AE38-9492-4F7F-9944B00C2B2F}.Debug|Any CPU.Build.0 = Debug|Any CPU
		{500C4658-AE38-9492-4F7F-9944B00C2B2F}.Release|Any CPU.ActiveCfg = Release|Any CPU
		{500C4658-AE38-9492-4F7F-9944B00C2B2F}.Release|Any CPU.Build.0 = Release|Any CPU
		{A9FF8562-57A1-C9A3-47B3-D1CBE6F47B62}.Debug|Any CPU.ActiveCfg = Debug|Any CPU
		{A9FF8562-57A1-C9A3-47B3-D1CBE6F47B62}.Debug|Any CPU.Build.0 = Debug|Any CPU
		{A9FF8562-57A1-C9A3-47B3-D1CBE6F47B62}.Release|Any CPU.ActiveCfg = Release|Any CPU
		{A9FF8562-57A1-C9A3-47B3-D1CBE6F47B62}.Release|Any CPU.Build.0 = Release|Any CPU
		{8175AC06-552F-71E1-3241-32B6032472C6}.Debug|Any CPU.ActiveCfg = Debug|Any CPU
		{8175AC06-552F-71E1-3241-32B6032472C6}.Debug|Any CPU.Build.0 = Debug|Any CPU
		{8175AC06-552F-71E1-3241-32B6032472C6}.Release|Any CPU.ActiveCfg = Release|Any CPU
		{8175AC06-552F-71E1-3241-32B6032472C6}.Release|Any CPU.Build.0 = Release|Any CPU
		{EA88B633-3697-C3D1-E983-88401CE7E7F5}.Debug|Any CPU.ActiveCfg = Debug|Any CPU
		{EA88B633-3697-C3D1-E983-88401CE7E7F5}.Debug|Any CPU.Build.0 = Debug|Any CPU
		{EA88B633-3697-C3D1-E983-88401CE7E7F5}.Release|Any CPU.ActiveCfg = Release|Any CPU
		{EA88B633-3697-C3D1-E983-88401CE7E7F5}.Release|Any CPU.Build.0 = Release|Any CPU
		{40A699FC-D32B-DE3F-2D74-77C711A88E9C}.Debug|Any CPU.ActiveCfg = Debug|Any CPU
		{40A699FC-D32B-DE3F-2D74-77C711A88E9C}.Debug|Any CPU.Build.0 = Debug|Any CPU
		{40A699FC-D32B-DE3F-2D74-77C711A88E9C}.Release|Any CPU.ActiveCfg = Release|Any CPU
		{40A699FC-D32B-DE3F-2D74-77C711A88E9C}.Release|Any CPU.Build.0 = Release|Any CPU
		{BC769205-5D07-BCC2-118D-CD4105BF7C9B}.Debug|Any CPU.ActiveCfg = Debug|Any CPU
		{BC769205-5D07-BCC2-118D-CD4105BF7C9B}.Debug|Any CPU.Build.0 = Debug|Any CPU
		{BC769205-5D07-BCC2-118D-CD4105BF7C9B}.Release|Any CPU.ActiveCfg = Release|Any CPU
		{BC769205-5D07-BCC2-118D-CD4105BF7C9B}.Release|Any CPU.Build.0 = Release|Any CPU
		{81AF3573-38A7-1861-1037-69E41A9D066A}.Debug|Any CPU.ActiveCfg = Debug|Any CPU
		{81AF3573-38A7-1861-1037-69E41A9D066A}.Debug|Any CPU.Build.0 = Debug|Any CPU
		{81AF3573-38A7-1861-1037-69E41A9D066A}.Release|Any CPU.ActiveCfg = Release|Any CPU
		{81AF3573-38A7-1861-1037-69E41A9D066A}.Release|Any CPU.Build.0 = Release|Any CPU
		{95929CDD-1F75-E58F-6721-B5E32C34365C}.Debug|Any CPU.ActiveCfg = Debug|Any CPU
		{95929CDD-1F75-E58F-6721-B5E32C34365C}.Debug|Any CPU.Build.0 = Debug|Any CPU
		{95929CDD-1F75-E58F-6721-B5E32C34365C}.Release|Any CPU.ActiveCfg = Release|Any CPU
		{95929CDD-1F75-E58F-6721-B5E32C34365C}.Release|Any CPU.Build.0 = Release|Any CPU
		{43E37980-7758-71B7-2E84-C18296DAA93D}.Debug|Any CPU.ActiveCfg = Debug|Any CPU
		{43E37980-7758-71B7-2E84-C18296DAA93D}.Debug|Any CPU.Build.0 = Debug|Any CPU
		{43E37980-7758-71B7-2E84-C18296DAA93D}.Release|Any CPU.ActiveCfg = Release|Any CPU
		{43E37980-7758-71B7-2E84-C18296DAA93D}.Release|Any CPU.Build.0 = Release|Any CPU
		{FEFA0CE5-575C-0DDF-40C7-703AB1B43C07}.Debug|Any CPU.ActiveCfg = Debug|Any CPU
		{FEFA0CE5-575C-0DDF-40C7-703AB1B43C07}.Debug|Any CPU.Build.0 = Debug|Any CPU
		{FEFA0CE5-575C-0DDF-40C7-703AB1B43C07}.Release|Any CPU.ActiveCfg = Release|Any CPU
		{FEFA0CE5-575C-0DDF-40C7-703AB1B43C07}.Release|Any CPU.Build.0 = Release|Any CPU
		{DEC74C69-3D7C-3C56-17D8-05A605D10F74}.Debug|Any CPU.ActiveCfg = Debug|Any CPU
		{DEC74C69-3D7C-3C56-17D8-05A605D10F74}.Debug|Any CPU.Build.0 = Debug|Any CPU
		{DEC74C69-3D7C-3C56-17D8-05A605D10F74}.Release|Any CPU.ActiveCfg = Release|Any CPU
		{DEC74C69-3D7C-3C56-17D8-05A605D10F74}.Release|Any CPU.Build.0 = Release|Any CPU
		{E96640ED-FBEE-68D4-E863-9BE8F612829E}.Debug|Any CPU.ActiveCfg = Debug|Any CPU
		{E96640ED-FBEE-68D4-E863-9BE8F612829E}.Debug|Any CPU.Build.0 = Debug|Any CPU
		{E96640ED-FBEE-68D4-E863-9BE8F612829E}.Release|Any CPU.ActiveCfg = Release|Any CPU
		{E96640ED-FBEE-68D4-E863-9BE8F612829E}.Release|Any CPU.Build.0 = Release|Any CPU
		{3BA41217-C268-667D-03F2-F2FEDD8B6818}.Debug|Any CPU.ActiveCfg = Debug|Any CPU
		{3BA41217-C268-667D-03F2-F2FEDD8B6818}.Debug|Any CPU.Build.0 = Debug|Any CPU
		{3BA41217-C268-667D-03F2-F2FEDD8B6818}.Release|Any CPU.ActiveCfg = Release|Any CPU
		{3BA41217-C268-667D-03F2-F2FEDD8B6818}.Release|Any CPU.Build.0 = Release|Any CPU
		{FB444430-690E-2DCF-CC80-01D96906EC92}.Debug|Any CPU.ActiveCfg = Debug|Any CPU
		{FB444430-690E-2DCF-CC80-01D96906EC92}.Debug|Any CPU.Build.0 = Debug|Any CPU
		{FB444430-690E-2DCF-CC80-01D96906EC92}.Release|Any CPU.ActiveCfg = Release|Any CPU
		{FB444430-690E-2DCF-CC80-01D96906EC92}.Release|Any CPU.Build.0 = Release|Any CPU
		{CFD3FEDC-CAE5-AD5B-2AAE-7A69D4309991}.Debug|Any CPU.ActiveCfg = Debug|Any CPU
		{CFD3FEDC-CAE5-AD5B-2AAE-7A69D4309991}.Debug|Any CPU.Build.0 = Debug|Any CPU
		{CFD3FEDC-CAE5-AD5B-2AAE-7A69D4309991}.Release|Any CPU.ActiveCfg = Release|Any CPU
		{CFD3FEDC-CAE5-AD5B-2AAE-7A69D4309991}.Release|Any CPU.Build.0 = Release|Any CPU
		{DC67F32C-36AF-BCD1-2F7F-DF56EC4A65D3}.Debug|Any CPU.ActiveCfg = Debug|Any CPU
		{DC67F32C-36AF-BCD1-2F7F-DF56EC4A65D3}.Debug|Any CPU.Build.0 = Debug|Any CPU
		{DC67F32C-36AF-BCD1-2F7F-DF56EC4A65D3}.Release|Any CPU.ActiveCfg = Release|Any CPU
		{DC67F32C-36AF-BCD1-2F7F-DF56EC4A65D3}.Release|Any CPU.Build.0 = Release|Any CPU
		{2BBEE6D9-BC67-E9AC-B3B6-82429B076EDD}.Debug|Any CPU.ActiveCfg = Debug|Any CPU
		{2BBEE6D9-BC67-E9AC-B3B6-82429B076EDD}.Debug|Any CPU.Build.0 = Debug|Any CPU
		{2BBEE6D9-BC67-E9AC-B3B6-82429B076EDD}.Release|Any CPU.ActiveCfg = Release|Any CPU
		{2BBEE6D9-BC67-E9AC-B3B6-82429B076EDD}.Release|Any CPU.Build.0 = Release|Any CPU
		{7E093FE2-FA6D-D72F-8014-E5F240785638}.Debug|Any CPU.ActiveCfg = Debug|Any CPU
		{7E093FE2-FA6D-D72F-8014-E5F240785638}.Debug|Any CPU.Build.0 = Debug|Any CPU
		{7E093FE2-FA6D-D72F-8014-E5F240785638}.Release|Any CPU.ActiveCfg = Release|Any CPU
		{7E093FE2-FA6D-D72F-8014-E5F240785638}.Release|Any CPU.Build.0 = Release|Any CPU
		{4B82D8C6-615F-7A79-3EDB-0A01129C58DC}.Debug|Any CPU.ActiveCfg = Debug|Any CPU
		{4B82D8C6-615F-7A79-3EDB-0A01129C58DC}.Debug|Any CPU.Build.0 = Debug|Any CPU
		{4B82D8C6-615F-7A79-3EDB-0A01129C58DC}.Release|Any CPU.ActiveCfg = Release|Any CPU
		{4B82D8C6-615F-7A79-3EDB-0A01129C58DC}.Release|Any CPU.Build.0 = Release|Any CPU
		{2B3589DB-4875-60E9-9150-7BB0A9F07FDD}.Debug|Any CPU.ActiveCfg = Debug|Any CPU
		{2B3589DB-4875-60E9-9150-7BB0A9F07FDD}.Debug|Any CPU.Build.0 = Debug|Any CPU
		{2B3589DB-4875-60E9-9150-7BB0A9F07FDD}.Release|Any CPU.ActiveCfg = Release|Any CPU
		{2B3589DB-4875-60E9-9150-7BB0A9F07FDD}.Release|Any CPU.Build.0 = Release|Any CPU
		{9A827C0B-D60F-3316-414A-40D909E52011}.Debug|Any CPU.ActiveCfg = Debug|Any CPU
		{9A827C0B-D60F-3316-414A-40D909E52011}.Debug|Any CPU.Build.0 = Debug|Any CPU
		{9A827C0B-D60F-3316-414A-40D909E52011}.Release|Any CPU.ActiveCfg = Release|Any CPU
		{9A827C0B-D60F-3316-414A-40D909E52011}.Release|Any CPU.Build.0 = Release|Any CPU
		{0BEF3B4A-35D4-00F3-C533-54950FA83E86}.Debug|Any CPU.ActiveCfg = Debug|Any CPU
		{0BEF3B4A-35D4-00F3-C533-54950FA83E86}.Debug|Any CPU.Build.0 = Debug|Any CPU
		{0BEF3B4A-35D4-00F3-C533-54950FA83E86}.Release|Any CPU.ActiveCfg = Release|Any CPU
		{0BEF3B4A-35D4-00F3-C533-54950FA83E86}.Release|Any CPU.Build.0 = Release|Any CPU
		{207ACE88-148B-451B-5ADD-F57E2E064226}.Debug|Any CPU.ActiveCfg = Debug|Any CPU
		{207ACE88-148B-451B-5ADD-F57E2E064226}.Debug|Any CPU.Build.0 = Debug|Any CPU
		{207ACE88-148B-451B-5ADD-F57E2E064226}.Release|Any CPU.ActiveCfg = Release|Any CPU
		{207ACE88-148B-451B-5ADD-F57E2E064226}.Release|Any CPU.Build.0 = Release|Any CPU
		{3B2A5C68-5848-3C45-6383-FFFB10F00FD9}.Debug|Any CPU.ActiveCfg = Debug|Any CPU
		{3B2A5C68-5848-3C45-6383-FFFB10F00FD9}.Debug|Any CPU.Build.0 = Debug|Any CPU
		{3B2A5C68-5848-3C45-6383-FFFB10F00FD9}.Release|Any CPU.ActiveCfg = Release|Any CPU
		{3B2A5C68-5848-3C45-6383-FFFB10F00FD9}.Release|Any CPU.Build.0 = Release|Any CPU
		{C85393CA-BD7A-38C6-0322-A33DAD393B56}.Debug|Any CPU.ActiveCfg = Debug|Any CPU
		{C85393CA-BD7A-38C6-0322-A33DAD393B56}.Debug|Any CPU.Build.0 = Debug|Any CPU
		{C85393CA-BD7A-38C6-0322-A33DAD393B56}.Release|Any CPU.ActiveCfg = Release|Any CPU
		{C85393CA-BD7A-38C6-0322-A33DAD393B56}.Release|Any CPU.Build.0 = Release|Any CPU
		{DD593935-46F5-49DE-74E4-898B922033DF}.Debug|Any CPU.ActiveCfg = Debug|Any CPU
		{DD593935-46F5-49DE-74E4-898B922033DF}.Debug|Any CPU.Build.0 = Debug|Any CPU
		{DD593935-46F5-49DE-74E4-898B922033DF}.Release|Any CPU.ActiveCfg = Release|Any CPU
		{DD593935-46F5-49DE-74E4-898B922033DF}.Release|Any CPU.Build.0 = Release|Any CPU
		{6EB6C172-474A-D402-D958-1EB37672BF71}.Debug|Any CPU.ActiveCfg = Debug|Any CPU
		{6EB6C172-474A-D402-D958-1EB37672BF71}.Debug|Any CPU.Build.0 = Debug|Any CPU
		{6EB6C172-474A-D402-D958-1EB37672BF71}.Release|Any CPU.ActiveCfg = Release|Any CPU
		{6EB6C172-474A-D402-D958-1EB37672BF71}.Release|Any CPU.Build.0 = Release|Any CPU
		{C2DF2689-6BD0-1D4E-22FB-671AA2B93A1C}.Debug|Any CPU.ActiveCfg = Debug|Any CPU
		{C2DF2689-6BD0-1D4E-22FB-671AA2B93A1C}.Debug|Any CPU.Build.0 = Debug|Any CPU
		{C2DF2689-6BD0-1D4E-22FB-671AA2B93A1C}.Release|Any CPU.ActiveCfg = Release|Any CPU
		{C2DF2689-6BD0-1D4E-22FB-671AA2B93A1C}.Release|Any CPU.Build.0 = Release|Any CPU
		{4AF04CE9-8F8F-20BD-E0F5-957C0B47D6D3}.Debug|Any CPU.ActiveCfg = Debug|Any CPU
		{4AF04CE9-8F8F-20BD-E0F5-957C0B47D6D3}.Debug|Any CPU.Build.0 = Debug|Any CPU
		{4AF04CE9-8F8F-20BD-E0F5-957C0B47D6D3}.Release|Any CPU.ActiveCfg = Release|Any CPU
		{4AF04CE9-8F8F-20BD-E0F5-957C0B47D6D3}.Release|Any CPU.Build.0 = Release|Any CPU
		{E36DA6C3-ED4A-5E67-11C6-A32E94537D52}.Debug|Any CPU.ActiveCfg = Debug|Any CPU
		{E36DA6C3-ED4A-5E67-11C6-A32E94537D52}.Debug|Any CPU.Build.0 = Debug|Any CPU
		{E36DA6C3-ED4A-5E67-11C6-A32E94537D52}.Release|Any CPU.ActiveCfg = Release|Any CPU
		{E36DA6C3-ED4A-5E67-11C6-A32E94537D52}.Release|Any CPU.Build.0 = Release|Any CPU
		{3F3DEF34-12A6-B755-EF34-67568DDDC62B}.Debug|Any CPU.ActiveCfg = Debug|Any CPU
		{3F3DEF34-12A6-B755-EF34-67568DDDC62B}.Debug|Any CPU.Build.0 = Debug|Any CPU
		{3F3DEF34-12A6-B755-EF34-67568DDDC62B}.Release|Any CPU.ActiveCfg = Release|Any CPU
		{3F3DEF34-12A6-B755-EF34-67568DDDC62B}.Release|Any CPU.Build.0 = Release|Any CPU
		{31285E6C-CA2B-1EE8-6E45-D0CB3CC8D8A1}.Debug|Any CPU.ActiveCfg = Debug|Any CPU
		{31285E6C-CA2B-1EE8-6E45-D0CB3CC8D8A1}.Debug|Any CPU.Build.0 = Debug|Any CPU
		{31285E6C-CA2B-1EE8-6E45-D0CB3CC8D8A1}.Release|Any CPU.ActiveCfg = Release|Any CPU
		{31285E6C-CA2B-1EE8-6E45-D0CB3CC8D8A1}.Release|Any CPU.Build.0 = Release|Any CPU
		{4525EBF1-A96C-9938-C417-E6BECE7ADB39}.Debug|Any CPU.ActiveCfg = Debug|Any CPU
		{4525EBF1-A96C-9938-C417-E6BECE7ADB39}.Debug|Any CPU.Build.0 = Debug|Any CPU
		{4525EBF1-A96C-9938-C417-E6BECE7ADB39}.Release|Any CPU.ActiveCfg = Release|Any CPU
		{4525EBF1-A96C-9938-C417-E6BECE7ADB39}.Release|Any CPU.Build.0 = Release|Any CPU
		{2A7E6527-0BB0-0EAF-4915-E884975DEAEF}.Debug|Any CPU.ActiveCfg = Debug|Any CPU
		{2A7E6527-0BB0-0EAF-4915-E884975DEAEF}.Debug|Any CPU.Build.0 = Debug|Any CPU
		{2A7E6527-0BB0-0EAF-4915-E884975DEAEF}.Release|Any CPU.ActiveCfg = Release|Any CPU
		{2A7E6527-0BB0-0EAF-4915-E884975DEAEF}.Release|Any CPU.Build.0 = Release|Any CPU
		{DF2CCCE9-D671-33F8-0809-0E9C085CFEF2}.Debug|Any CPU.ActiveCfg = Debug|Any CPU
		{DF2CCCE9-D671-33F8-0809-0E9C085CFEF2}.Debug|Any CPU.Build.0 = Debug|Any CPU
		{DF2CCCE9-D671-33F8-0809-0E9C085CFEF2}.Release|Any CPU.ActiveCfg = Release|Any CPU
		{DF2CCCE9-D671-33F8-0809-0E9C085CFEF2}.Release|Any CPU.Build.0 = Release|Any CPU
		{66754175-D52C-BD93-8815-364ED1F32AE2}.Debug|Any CPU.ActiveCfg = Debug|Any CPU
		{66754175-D52C-BD93-8815-364ED1F32AE2}.Debug|Any CPU.Build.0 = Debug|Any CPU
		{66754175-D52C-BD93-8815-364ED1F32AE2}.Release|Any CPU.ActiveCfg = Release|Any CPU
		{66754175-D52C-BD93-8815-364ED1F32AE2}.Release|Any CPU.Build.0 = Release|Any CPU
		{D6B0600A-F853-CB19-B67A-B66F30745A29}.Debug|Any CPU.ActiveCfg = Debug|Any CPU
		{D6B0600A-F853-CB19-B67A-B66F30745A29}.Debug|Any CPU.Build.0 = Debug|Any CPU
		{D6B0600A-F853-CB19-B67A-B66F30745A29}.Release|Any CPU.ActiveCfg = Release|Any CPU
		{D6B0600A-F853-CB19-B67A-B66F30745A29}.Release|Any CPU.Build.0 = Release|Any CPU
		{1AE4205B-C59E-E527-1830-CF0E496349FE}.Debug|Any CPU.ActiveCfg = Debug|Any CPU
		{1AE4205B-C59E-E527-1830-CF0E496349FE}.Debug|Any CPU.Build.0 = Debug|Any CPU
		{1AE4205B-C59E-E527-1830-CF0E496349FE}.Release|Any CPU.ActiveCfg = Release|Any CPU
		{1AE4205B-C59E-E527-1830-CF0E496349FE}.Release|Any CPU.Build.0 = Release|Any CPU
		{E64449C3-0F5F-11A6-F5E3-C148AB8CD078}.Debug|Any CPU.ActiveCfg = Debug|Any CPU
		{E64449C3-0F5F-11A6-F5E3-C148AB8CD078}.Debug|Any CPU.Build.0 = Debug|Any CPU
		{E64449C3-0F5F-11A6-F5E3-C148AB8CD078}.Release|Any CPU.ActiveCfg = Release|Any CPU
		{E64449C3-0F5F-11A6-F5E3-C148AB8CD078}.Release|Any CPU.Build.0 = Release|Any CPU
		{DC104D5C-D60E-7AB5-5C3C-BD0D82615D74}.Debug|Any CPU.ActiveCfg = Debug|Any CPU
		{DC104D5C-D60E-7AB5-5C3C-BD0D82615D74}.Debug|Any CPU.Build.0 = Debug|Any CPU
		{DC104D5C-D60E-7AB5-5C3C-BD0D82615D74}.Release|Any CPU.ActiveCfg = Release|Any CPU
		{DC104D5C-D60E-7AB5-5C3C-BD0D82615D74}.Release|Any CPU.Build.0 = Release|Any CPU
		{68F372A5-FE06-EDA3-0EAB-FB6C094C0E04}.Debug|Any CPU.ActiveCfg = Debug|Any CPU
		{68F372A5-FE06-EDA3-0EAB-FB6C094C0E04}.Debug|Any CPU.Build.0 = Debug|Any CPU
		{68F372A5-FE06-EDA3-0EAB-FB6C094C0E04}.Release|Any CPU.ActiveCfg = Release|Any CPU
		{68F372A5-FE06-EDA3-0EAB-FB6C094C0E04}.Release|Any CPU.Build.0 = Release|Any CPU
		{ACEF68AC-9C7E-0336-DE4A-31A49F211C37}.Debug|Any CPU.ActiveCfg = Debug|Any CPU
		{ACEF68AC-9C7E-0336-DE4A-31A49F211C37}.Debug|Any CPU.Build.0 = Debug|Any CPU
		{ACEF68AC-9C7E-0336-DE4A-31A49F211C37}.Release|Any CPU.ActiveCfg = Release|Any CPU
		{ACEF68AC-9C7E-0336-DE4A-31A49F211C37}.Release|Any CPU.Build.0 = Release|Any CPU
		{95B2CCF3-D38D-1DAD-0F6B-7E64E50C9BB6}.Debug|Any CPU.ActiveCfg = Debug|Any CPU
		{95B2CCF3-D38D-1DAD-0F6B-7E64E50C9BB6}.Debug|Any CPU.Build.0 = Debug|Any CPU
		{95B2CCF3-D38D-1DAD-0F6B-7E64E50C9BB6}.Release|Any CPU.ActiveCfg = Release|Any CPU
		{95B2CCF3-D38D-1DAD-0F6B-7E64E50C9BB6}.Release|Any CPU.Build.0 = Release|Any CPU
		{9129A96B-B0E6-011A-6908-2DA7FB311885}.Debug|Any CPU.ActiveCfg = Debug|Any CPU
		{9129A96B-B0E6-011A-6908-2DA7FB311885}.Debug|Any CPU.Build.0 = Debug|Any CPU
		{9129A96B-B0E6-011A-6908-2DA7FB311885}.Release|Any CPU.ActiveCfg = Release|Any CPU
		{9129A96B-B0E6-011A-6908-2DA7FB311885}.Release|Any CPU.Build.0 = Release|Any CPU
		{C8A903EA-9645-3CB2-558F-C39ADC8B521B}.Debug|Any CPU.ActiveCfg = Debug|Any CPU
		{C8A903EA-9645-3CB2-558F-C39ADC8B521B}.Debug|Any CPU.Build.0 = Debug|Any CPU
		{C8A903EA-9645-3CB2-558F-C39ADC8B521B}.Release|Any CPU.ActiveCfg = Release|Any CPU
		{C8A903EA-9645-3CB2-558F-C39ADC8B521B}.Release|Any CPU.Build.0 = Release|Any CPU
		{932F59D8-7C3E-759C-04B6-FB63781CB58B}.Debug|Any CPU.ActiveCfg = Debug|Any CPU
		{932F59D8-7C3E-759C-04B6-FB63781CB58B}.Debug|Any CPU.Build.0 = Debug|Any CPU
		{932F59D8-7C3E-759C-04B6-FB63781CB58B}.Release|Any CPU.ActiveCfg = Release|Any CPU
		{932F59D8-7C3E-759C-04B6-FB63781CB58B}.Release|Any CPU.Build.0 = Release|Any CPU
		{F959001D-B707-093D-33FB-E2070F1038D5}.Debug|Any CPU.ActiveCfg = Debug|Any CPU
		{F959001D-B707-093D-33FB-E2070F1038D5}.Debug|Any CPU.Build.0 = Debug|Any CPU
		{F959001D-B707-093D-33FB-E2070F1038D5}.Release|Any CPU.ActiveCfg = Release|Any CPU
		{F959001D-B707-093D-33FB-E2070F1038D5}.Release|Any CPU.Build.0 = Release|Any CPU
		{E3A6BC62-A169-D1AB-B3BA-804387820E9E}.Debug|Any CPU.ActiveCfg = Debug|Any CPU
		{E3A6BC62-A169-D1AB-B3BA-804387820E9E}.Debug|Any CPU.Build.0 = Debug|Any CPU
		{E3A6BC62-A169-D1AB-B3BA-804387820E9E}.Release|Any CPU.ActiveCfg = Release|Any CPU
		{E3A6BC62-A169-D1AB-B3BA-804387820E9E}.Release|Any CPU.Build.0 = Release|Any CPU
		{E6271C66-8F3D-C95D-085C-841FFFE8FAF6}.Debug|Any CPU.ActiveCfg = Debug|Any CPU
		{E6271C66-8F3D-C95D-085C-841FFFE8FAF6}.Debug|Any CPU.Build.0 = Debug|Any CPU
		{E6271C66-8F3D-C95D-085C-841FFFE8FAF6}.Release|Any CPU.ActiveCfg = Release|Any CPU
		{E6271C66-8F3D-C95D-085C-841FFFE8FAF6}.Release|Any CPU.Build.0 = Release|Any CPU
		{D40F5389-E013-5876-CF57-DF01D2887172}.Debug|Any CPU.ActiveCfg = Debug|Any CPU
		{D40F5389-E013-5876-CF57-DF01D2887172}.Debug|Any CPU.Build.0 = Debug|Any CPU
		{D40F5389-E013-5876-CF57-DF01D2887172}.Release|Any CPU.ActiveCfg = Release|Any CPU
		{D40F5389-E013-5876-CF57-DF01D2887172}.Release|Any CPU.Build.0 = Release|Any CPU
		{6371F6F3-E384-CAE9-1A86-F674D2739F94}.Debug|Any CPU.ActiveCfg = Debug|Any CPU
		{6371F6F3-E384-CAE9-1A86-F674D2739F94}.Debug|Any CPU.Build.0 = Debug|Any CPU
		{6371F6F3-E384-CAE9-1A86-F674D2739F94}.Release|Any CPU.ActiveCfg = Release|Any CPU
		{6371F6F3-E384-CAE9-1A86-F674D2739F94}.Release|Any CPU.Build.0 = Release|Any CPU
		{096E2F06-A2E5-62C8-4BBC-31BD45FA3F8B}.Debug|Any CPU.ActiveCfg = Debug|Any CPU
		{096E2F06-A2E5-62C8-4BBC-31BD45FA3F8B}.Debug|Any CPU.Build.0 = Debug|Any CPU
		{096E2F06-A2E5-62C8-4BBC-31BD45FA3F8B}.Release|Any CPU.ActiveCfg = Release|Any CPU
		{096E2F06-A2E5-62C8-4BBC-31BD45FA3F8B}.Release|Any CPU.Build.0 = Release|Any CPU
		{1906A006-2854-A805-27CD-EB7616949EB1}.Debug|Any CPU.ActiveCfg = Debug|Any CPU
		{1906A006-2854-A805-27CD-EB7616949EB1}.Debug|Any CPU.Build.0 = Debug|Any CPU
		{1906A006-2854-A805-27CD-EB7616949EB1}.Release|Any CPU.ActiveCfg = Release|Any CPU
		{1906A006-2854-A805-27CD-EB7616949EB1}.Release|Any CPU.Build.0 = Release|Any CPU
		{9A9C1FB6-92C3-7FFE-B2EB-E31268C3B7B6}.Debug|Any CPU.ActiveCfg = Debug|Any CPU
		{9A9C1FB6-92C3-7FFE-B2EB-E31268C3B7B6}.Debug|Any CPU.Build.0 = Debug|Any CPU
		{9A9C1FB6-92C3-7FFE-B2EB-E31268C3B7B6}.Release|Any CPU.ActiveCfg = Release|Any CPU
		{9A9C1FB6-92C3-7FFE-B2EB-E31268C3B7B6}.Release|Any CPU.Build.0 = Release|Any CPU
		{E6A6427B-7F06-9D82-5842-66CA7AF8AF13}.Debug|Any CPU.ActiveCfg = Debug|Any CPU
		{E6A6427B-7F06-9D82-5842-66CA7AF8AF13}.Debug|Any CPU.Build.0 = Debug|Any CPU
		{E6A6427B-7F06-9D82-5842-66CA7AF8AF13}.Release|Any CPU.ActiveCfg = Release|Any CPU
		{E6A6427B-7F06-9D82-5842-66CA7AF8AF13}.Release|Any CPU.Build.0 = Release|Any CPU
		{6E5E361D-5EF2-D4C3-472A-DE335AF6A693}.Debug|Any CPU.ActiveCfg = Debug|Any CPU
		{6E5E361D-5EF2-D4C3-472A-DE335AF6A693}.Debug|Any CPU.Build.0 = Debug|Any CPU
		{6E5E361D-5EF2-D4C3-472A-DE335AF6A693}.Release|Any CPU.ActiveCfg = Release|Any CPU
		{6E5E361D-5EF2-D4C3-472A-DE335AF6A693}.Release|Any CPU.Build.0 = Release|Any CPU
		{7B9C39E8-3716-3F14-7AE0-2B2B49B12952}.Debug|Any CPU.ActiveCfg = Debug|Any CPU
		{7B9C39E8-3716-3F14-7AE0-2B2B49B12952}.Debug|Any CPU.Build.0 = Debug|Any CPU
		{7B9C39E8-3716-3F14-7AE0-2B2B49B12952}.Release|Any CPU.ActiveCfg = Release|Any CPU
		{7B9C39E8-3716-3F14-7AE0-2B2B49B12952}.Release|Any CPU.Build.0 = Release|Any CPU
	EndGlobalSection
	GlobalSection(SolutionProperties) = preSolution
		HideSolutionNode = FALSE
	EndGlobalSection
EndGlobal
